
Microsoft Visual Studio Solution File, Format Version 12.00
# Visual Studio 15
Project("{FAE04EC0-301F-11D3-BF4B-00C04F79EFBC}") = "ControllerSample", "ControllerSample.csproj", "{88E73D76-21A2-C8E8-77E1-EAAEB1DA487F}"
EndProject
Project("{FAE04EC0-301F-11D3-BF4B-00C04F79EFBC}") = "Unity.XR.Interaction.Toolkit.Samples.StarterAssets", "Unity.XR.Interaction.Toolkit.Samples.StarterAssets.csproj", "{01205BAF-A7F0-D4B3-61AB-CB7CB3CB2DC6}"
EndProject
Project("{FAE04EC0-301F-11D3-BF4B-00C04F79EFBC}") = "Assembly-CSharp", "Assembly-CSharp.csproj", "{C7B31F80-104A-351D-260E-1348DC1FE62A}"
EndProject
Project("{FAE04EC0-301F-11D3-BF4B-00C04F79EFBC}") = "Unity.XR.Interaction.Toolkit.Samples.StarterAssets.Editor", "Unity.XR.Interaction.Toolkit.Samples.StarterAssets.Editor.csproj", "{54E56301-6FFF-EC32-C930-C19FBA200915}"
EndProject
Global
	GlobalSection(SolutionConfigurationPlatforms) = preSolution
		Debug|Any CPU = Debug|Any CPU
		Release|Any CPU = Release|Any CPU
	EndGlobalSection
	GlobalSection(ProjectConfigurationPlatforms) = postSolution
		{88E73D76-21A2-C8E8-77E1-EAAEB1DA487F}.Debug|Any CPU.ActiveCfg = Debug|Any CPU
		{88E73D76-21A2-C8E8-77E1-EAAEB1DA487F}.Debug|Any CPU.Build.0 = Debug|Any CPU
		{88E73D76-21A2-C8E8-77E1-EAAEB1DA487F}.Release|Any CPU.ActiveCfg = Release|Any CPU
		{88E73D76-21A2-C8E8-77E1-EAAEB1DA487F}.Release|Any CPU.Build.0 = Release|Any CPU
		{01205BAF-A7F0-D4B3-61AB-CB7CB3CB2DC6}.Debug|Any CPU.ActiveCfg = Debug|Any CPU
		{01205BAF-A7F0-D4B3-61AB-CB7CB3CB2DC6}.Debug|Any CPU.Build.0 = Debug|Any CPU
		{01205BAF-A7F0-D4B3-61AB-CB7CB3CB2DC6}.Release|Any CPU.ActiveCfg = Release|Any CPU
		{01205BAF-A7F0-D4B3-61AB-CB7CB3CB2DC6}.Release|Any CPU.Build.0 = Release|Any CPU
		{C7B31F80-104A-351D-260E-1348DC1FE62A}.Debug|Any CPU.ActiveCfg = Debug|Any CPU
		{C7B31F80-104A-351D-260E-1348DC1FE62A}.Debug|Any CPU.Build.0 = Debug|Any CPU
		{C7B31F80-104A-351D-260E-1348DC1FE62A}.Release|Any CPU.ActiveCfg = Release|Any CPU
		{C7B31F80-104A-351D-260E-1348DC1FE62A}.Release|Any CPU.Build.0 = Release|Any CPU
		{54E56301-6FFF-EC32-C930-C19FBA200915}.Debug|Any CPU.ActiveCfg = Debug|Any CPU
		{54E56301-6FFF-EC32-C930-C19FBA200915}.Debug|Any CPU.Build.0 = Debug|Any CPU
		{54E56301-6FFF-EC32-C930-C19FBA200915}.Release|Any CPU.ActiveCfg = Release|Any CPU
		{54E56301-6FFF-EC32-C930-C19FBA200915}.Release|Any CPU.Build.0 = Release|Any CPU
	EndGlobalSection
	GlobalSection(SolutionProperties) = preSolution
		HideSolutionNode = FALSE
	EndGlobalSection
EndGlobal
